
Microsoft Visual Studio Solution File, Format Version 12.00
# Visual Studio 15
VisualStudioVersion = 15.0.27703.2042
MinimumVisualStudioVersion = 10.0.40219.1
Project("{FAE04EC0-301F-11D3-BF4B-00C04F79EFBC}") = "CG 5-2", "CG 5-2\CG 5-2.csproj", "{CDDD4654-88CE-4352-8785-B1857890FA79}"
EndProject
Global
	GlobalSection(SolutionConfigurationPlatforms) = preSolution
		Debug|Any CPU = Debug|Any CPU
		Release|Any CPU = Release|Any CPU
	EndGlobalSection
	GlobalSection(ProjectConfigurationPlatforms) = postSolution
		{CDDD4654-88CE-4352-8785-B1857890FA79}.Debug|Any CPU.ActiveCfg = Debug|Any CPU
		{CDDD4654-88CE-4352-8785-B1857890FA79}.Debug|Any CPU.Build.0 = Debug|Any CPU
		{CDDD4654-88CE-4352-8785-B1857890FA79}.Release|Any CPU.ActiveCfg = Release|Any CPU
		{CDDD4654-88CE-4352-8785-B1857890FA79}.Release|Any CPU.Build.0 = Release|Any CPU
	EndGlobalSection
	GlobalSection(SolutionProperties) = preSolution
		HideSolutionNode = FALSE
	EndGlobalSection
	GlobalSection(ExtensibilityGlobals) = postSolution
		SolutionGuid = {449916DD-A608-4B51-9153-F22B0D5B1728}
	EndGlobalSection
EndGlobal
